// !$*UTF8*$!
{
	archiveVersion = 1;
	classes = {
	};
	objectVersion = 77;
	objects = {

/* Begin PBXContainerItemProxy section */
		F140312D2CDFF6D5003CCAF2 /* PBXContainerItemProxy */ = {
			isa = PBXContainerItemProxy;
			containerPortal = F14031142CDFF6D1003CCAF2 /* Project object */;
			proxyType = 1;
			remoteGlobalIDString = F140311B2CDFF6D1003CCAF2;
			remoteInfo = "SizeClass-ViewModifier";
		};
		F14031372CDFF6D5003CCAF2 /* PBXContainerItemProxy */ = {
			isa = PBXContainerItemProxy;
			containerPortal = F14031142CDFF6D1003CCAF2 /* Project object */;
			proxyType = 1;
			remoteGlobalIDString = F140311B2CDFF6D1003CCAF2;
			remoteInfo = "SizeClass-ViewModifier";
		};
/* End PBXContainerItemProxy section */

/* Begin PBXFileReference section */
		F140311C2CDFF6D1003CCAF2 /* SizeClass-ViewModifier.app */ = {isa = PBXFileReference; explicitFileType = wrapper.application; includeInIndex = 0; path = "SizeClass-ViewModifier.app"; sourceTree = BUILT_PRODUCTS_DIR; };
		F140312C2CDFF6D5003CCAF2 /* SizeClass-ViewModifierTests.xctest */ = {isa = PBXFileReference; explicitFileType = wrapper.cfbundle; includeInIndex = 0; path = "SizeClass-ViewModifierTests.xctest"; sourceTree = BUILT_PRODUCTS_DIR; };
		F14031362CDFF6D5003CCAF2 /* SizeClass-ViewModifierUITests.xctest */ = {isa = PBXFileReference; explicitFileType = wrapper.cfbundle; includeInIndex = 0; path = "SizeClass-ViewModifierUITests.xctest"; sourceTree = BUILT_PRODUCTS_DIR; };
/* End PBXFileReference section */

/* Begin PBXFileSystemSynchronizedRootGroup section */
		F140311E2CDFF6D1003CCAF2 /* SizeClass-ViewModifier */ = {
			isa = PBXFileSystemSynchronizedRootGroup;
			path = "SizeClass-ViewModifier";
			sourceTree = "<group>";
		};
		F140312F2CDFF6D5003CCAF2 /* SizeClass-ViewModifierTests */ = {
			isa = PBXFileSystemSynchronizedRootGroup;
			path = "SizeClass-ViewModifierTests";
			sourceTree = "<group>";
		};
		F14031392CDFF6D5003CCAF2 /* SizeClass-ViewModifierUITests */ = {
			isa = PBXFileSystemSynchronizedRootGroup;
			path = "SizeClass-ViewModifierUITests";
			sourceTree = "<group>";
		};
/* End PBXFileSystemSynchronizedRootGroup section */

/* Begin PBXFrameworksBuildPhase section */
		F14031192CDFF6D1003CCAF2 /* Frameworks */ = {
			isa = PBXFrameworksBuildPhase;
			buildActionMask = 2147483647;
			files = (
			);
			runOnlyForDeploymentPostprocessing = 0;
		};
		F14031292CDFF6D5003CCAF2 /* Frameworks */ = {
			isa = PBXFrameworksBuildPhase;
			buildActionMask = 2147483647;
			files = (
			);
			runOnlyForDeploymentPostprocessing = 0;
		};
		F14031332CDFF6D5003CCAF2 /* Frameworks */ = {
			isa = PBXFrameworksBuildPhase;
			buildActionMask = 2147483647;
			files = (
			);
			runOnlyForDeploymentPostprocessing = 0;
		};
/* End PBXFrameworksBuildPhase section */

/* Begin PBXGroup section */
		F14031132CDFF6D1003CCAF2 = {
			isa = PBXGroup;
			children = (
				F140311E2CDFF6D1003CCAF2 /* SizeClass-ViewModifier */,
				F140312F2CDFF6D5003CCAF2 /* SizeClass-ViewModifierTests */,
				F14031392CDFF6D5003CCAF2 /* SizeClass-ViewModifierUITests */,
				F140311D2CDFF6D1003CCAF2 /* Products */,
			);
			sourceTree = "<group>";
		};
		F140311D2CDFF6D1003CCAF2 /* Products */ = {
			isa = PBXGroup;
			children = (
				F140311C2CDFF6D1003CCAF2 /* SizeClass-ViewModifier.app */,
				F140312C2CDFF6D5003CCAF2 /* SizeClass-ViewModifierTests.xctest */,
				F14031362CDFF6D5003CCAF2 /* SizeClass-ViewModifierUITests.xctest */,
			);
			name = Products;
			sourceTree = "<group>";
		};
/* End PBXGroup section */

/* Begin PBXNativeTarget section */
		F140311B2CDFF6D1003CCAF2 /* SizeClass-ViewModifier */ = {
			isa = PBXNativeTarget;
			buildConfigurationList = F14031402CDFF6D5003CCAF2 /* Build configuration list for PBXNativeTarget "SizeClass-ViewModifier" */;
			buildPhases = (
				F14031182CDFF6D1003CCAF2 /* Sources */,
				F14031192CDFF6D1003CCAF2 /* Frameworks */,
				F140311A2CDFF6D1003CCAF2 /* Resources */,
			);
			buildRules = (
			);
			dependencies = (
			);
			fileSystemSynchronizedGroups = (
				F140311E2CDFF6D1003CCAF2 /* SizeClass-ViewModifier */,
			);
			name = "SizeClass-ViewModifier";
			packageProductDependencies = (
			);
			productName = "SizeClass-ViewModifier";
			productReference = F140311C2CDFF6D1003CCAF2 /* SizeClass-ViewModifier.app */;
			productType = "com.apple.product-type.application";
		};
		F140312B2CDFF6D5003CCAF2 /* SizeClass-ViewModifierTests */ = {
			isa = PBXNativeTarget;
			buildConfigurationList = F14031432CDFF6D5003CCAF2 /* Build configuration list for PBXNativeTarget "SizeClass-ViewModifierTests" */;
			buildPhases = (
				F14031282CDFF6D5003CCAF2 /* Sources */,
				F14031292CDFF6D5003CCAF2 /* Frameworks */,
				F140312A2CDFF6D5003CCAF2 /* Resources */,
			);
			buildRules = (
			);
			dependencies = (
				F140312E2CDFF6D5003CCAF2 /* PBXTargetDependency */,
			);
			fileSystemSynchronizedGroups = (
				F140312F2CDFF6D5003CCAF2 /* SizeClass-ViewModifierTests */,
			);
			name = "SizeClass-ViewModifierTests";
			packageProductDependencies = (
			);
			productName = "SizeClass-ViewModifierTests";
			productReference = F140312C2CDFF6D5003CCAF2 /* SizeClass-ViewModifierTests.xctest */;
			productType = "com.apple.product-type.bundle.unit-test";
		};
		F14031352CDFF6D5003CCAF2 /* SizeClass-ViewModifierUITests */ = {
			isa = PBXNativeTarget;
			buildConfigurationList = F14031462CDFF6D5003CCAF2 /* Build configuration list for PBXNativeTarget "SizeClass-ViewModifierUITests" */;
			buildPhases = (
				F14031322CDFF6D5003CCAF2 /* Sources */,
				F14031332CDFF6D5003CCAF2 /* Frameworks */,
				F14031342CDFF6D5003CCAF2 /* Resources */,
			);
			buildRules = (
			);
			dependencies = (
				F14031382CDFF6D5003CCAF2 /* PBXTargetDependency */,
			);
			fileSystemSynchronizedGroups = (
				F14031392CDFF6D5003CCAF2 /* SizeClass-ViewModifierUITests */,
			);
			name = "SizeClass-ViewModifierUITests";
			packageProductDependencies = (
			);
			productName = "SizeClass-ViewModifierUITests";
			productReference = F14031362CDFF6D5003CCAF2 /* SizeClass-ViewModifierUITests.xctest */;
			productType = "com.apple.product-type.bundle.ui-testing";
		};
/* End PBXNativeTarget section */

/* Begin PBXProject section */
		F14031142CDFF6D1003CCAF2 /* Project object */ = {
			isa = PBXProject;
			attributes = {
				BuildIndependentTargetsInParallel = 1;
				LastSwiftUpdateCheck = 1600;
				LastUpgradeCheck = 1600;
				TargetAttributes = {
					F140311B2CDFF6D1003CCAF2 = {
						CreatedOnToolsVersion = 16.0;
					};
					F140312B2CDFF6D5003CCAF2 = {
						CreatedOnToolsVersion = 16.0;
						TestTargetID = F140311B2CDFF6D1003CCAF2;
					};
					F14031352CDFF6D5003CCAF2 = {
						CreatedOnToolsVersion = 16.0;
						TestTargetID = F140311B2CDFF6D1003CCAF2;
					};
				};
			};
			buildConfigurationList = F14031172CDFF6D1003CCAF2 /* Build configuration list for PBXProject "SizeClass-ViewModifier" */;
			developmentRegion = en;
			hasScannedForEncodings = 0;
			knownRegions = (
				en,
				Base,
			);
			mainGroup = F14031132CDFF6D1003CCAF2;
			minimizedProjectReferenceProxies = 1;
			preferredProjectObjectVersion = 77;
			productRefGroup = F140311D2CDFF6D1003CCAF2 /* Products */;
			projectDirPath = "";
			projectRoot = "";
			targets = (
				F140311B2CDFF6D1003CCAF2 /* SizeClass-ViewModifier */,
				F140312B2CDFF6D5003CCAF2 /* SizeClass-ViewModifierTests */,
				F14031352CDFF6D5003CCAF2 /* SizeClass-ViewModifierUITests */,
			);
		};
/* End PBXProject section */

/* Begin PBXResourcesBuildPhase section */
		F140311A2CDFF6D1003CCAF2 /* Resources */ = {
			isa = PBXResourcesBuildPhase;
			buildActionMask = 2147483647;
			files = (
			);
			runOnlyForDeploymentPostprocessing = 0;
		};
		F140312A2CDFF6D5003CCAF2 /* Resources */ = {
			isa = PBXResourcesBuildPhase;
			buildActionMask = 2147483647;
			files = (
			);
			runOnlyForDeploymentPostprocessing = 0;
		};
		F14031342CDFF6D5003CCAF2 /* Resources */ = {
			isa = PBXResourcesBuildPhase;
			buildActionMask = 2147483647;
			files = (
			);
			runOnlyForDeploymentPostprocessing = 0;
		};
/* End PBXResourcesBuildPhase section */

/* Begin PBXSourcesBuildPhase section */
		F14031182CDFF6D1003CCAF2 /* Sources */ = {
			isa = PBXSourcesBuildPhase;
			buildActionMask = 2147483647;
			files = (
			);
			runOnlyForDeploymentPostprocessing = 0;
		};
		F14031282CDFF6D5003CCAF2 /* Sources */ = {
			isa = PBXSourcesBuildPhase;
			buildActionMask = 2147483647;
			files = (
			);
			runOnlyForDeploymentPostprocessing = 0;
		};
		F14031322CDFF6D5003CCAF2 /* Sources */ = {
			isa = PBXSourcesBuildPhase;
			buildActionMask = 2147483647;
			files = (
			);
			runOnlyForDeploymentPostprocessing = 0;
		};
/* End PBXSourcesBuildPhase section */

/* Begin PBXTargetDependency section */
		F140312E2CDFF6D5003CCAF2 /* PBXTargetDependency */ = {
			isa = PBXTargetDependency;
			target = F140311B2CDFF6D1003CCAF2 /* SizeClass-ViewModifier */;
			targetProxy = F140312D2CDFF6D5003CCAF2 /* PBXContainerItemProxy */;
		};
		F14031382CDFF6D5003CCAF2 /* PBXTargetDependency */ = {
			isa = PBXTargetDependency;
			target = F140311B2CDFF6D1003CCAF2 /* SizeClass-ViewModifier */;
			targetProxy = F14031372CDFF6D5003CCAF2 /* PBXContainerItemProxy */;
		};
/* End PBXTargetDependency section */

/* Begin XCBuildConfiguration section */
		F140313E2CDFF6D5003CCAF2 /* Debug */ = {
			isa = XCBuildConfiguration;
			buildSettings = {
				ALWAYS_SEARCH_USER_PATHS = NO;
				ASSETCATALOG_COMPILER_GENERATE_SWIFT_ASSET_SYMBOL_EXTENSIONS = YES;
				CLANG_ANALYZER_NONNULL = YES;
				CLANG_ANALYZER_NUMBER_OBJECT_CONVERSION = YES_AGGRESSIVE;
				CLANG_CXX_LANGUAGE_STANDARD = "gnu++20";
				CLANG_ENABLE_MODULES = YES;
				CLANG_ENABLE_OBJC_ARC = YES;
				CLANG_ENABLE_OBJC_WEAK = YES;
				CLANG_WARN_BLOCK_CAPTURE_AUTORELEASING = YES;
				CLANG_WARN_BOOL_CONVERSION = YES;
				CLANG_WARN_COMMA = YES;
				CLANG_WARN_CONSTANT_CONVERSION = YES;
				CLANG_WARN_DEPRECATED_OBJC_IMPLEMENTATIONS = YES;
				CLANG_WARN_DIRECT_OBJC_ISA_USAGE = YES_ERROR;
				CLANG_WARN_DOCUMENTATION_COMMENTS = YES;
				CLANG_WARN_EMPTY_BODY = YES;
				CLANG_WARN_ENUM_CONVERSION = YES;
				CLANG_WARN_INFINITE_RECURSION = YES;
				CLANG_WARN_INT_CONVERSION = YES;
				CLANG_WARN_NON_LITERAL_NULL_CONVERSION = YES;
				CLANG_WARN_OBJC_IMPLICIT_RETAIN_SELF = YES;
				CLANG_WARN_OBJC_LITERAL_CONVERSION = YES;
				CLANG_WARN_OBJC_ROOT_CLASS = YES_ERROR;
				CLANG_WARN_QUOTED_INCLUDE_IN_FRAMEWORK_HEADER = YES;
				CLANG_WARN_RANGE_LOOP_ANALYSIS = YES;
				CLANG_WARN_STRICT_PROTOTYPES = YES;
				CLANG_WARN_SUSPICIOUS_MOVE = YES;
				CLANG_WARN_UNGUARDED_AVAILABILITY = YES_AGGRESSIVE;
				CLANG_WARN_UNREACHABLE_CODE = YES;
				CLANG_WARN__DUPLICATE_METHOD_MATCH = YES;
				COPY_PHASE_STRIP = NO;
				DEBUG_INFORMATION_FORMAT = dwarf;
				ENABLE_STRICT_OBJC_MSGSEND = YES;
				ENABLE_TESTABILITY = YES;
				ENABLE_USER_SCRIPT_SANDBOXING = YES;
				GCC_C_LANGUAGE_STANDARD = gnu17;
				GCC_DYNAMIC_NO_PIC = NO;
				GCC_NO_COMMON_BLOCKS = YES;
				GCC_OPTIMIZATION_LEVEL = 0;
				GCC_PREPROCESSOR_DEFINITIONS = (
					"DEBUG=1",
					"$(inherited)",
				);
				GCC_WARN_64_TO_32_BIT_CONVERSION = YES;
				GCC_WARN_ABOUT_RETURN_TYPE = YES_ERROR;
				GCC_WARN_UNDECLARED_SELECTOR = YES;
				GCC_WARN_UNINITIALIZED_AUTOS = YES_AGGRESSIVE;
				GCC_WARN_UNUSED_FUNCTION = YES;
				GCC_WARN_UNUSED_VARIABLE = YES;
				IPHONEOS_DEPLOYMENT_TARGET = 18.0;
				LOCALIZATION_PREFERS_STRING_CATALOGS = YES;
				MTL_ENABLE_DEBUG_INFO = INCLUDE_SOURCE;
				MTL_FAST_MATH = YES;
				ONLY_ACTIVE_ARCH = YES;
				SDKROOT = iphoneos;
				SWIFT_ACTIVE_COMPILATION_CONDITIONS = "DEBUG $(inherited)";
				SWIFT_OPTIMIZATION_LEVEL = "-Onone";
			};
			name = Debug;
		};
		F140313F2CDFF6D5003CCAF2 /* Release */ = {
			isa = XCBuildConfiguration;
			buildSettings = {
				ALWAYS_SEARCH_USER_PATHS = NO;
				ASSETCATALOG_COMPILER_GENERATE_SWIFT_ASSET_SYMBOL_EXTENSIONS = YES;
				CLANG_ANALYZER_NONNULL = YES;
				CLANG_ANALYZER_NUMBER_OBJECT_CONVERSION = YES_AGGRESSIVE;
				CLANG_CXX_LANGUAGE_STANDARD = "gnu++20";
				CLANG_ENABLE_MODULES = YES;
				CLANG_ENABLE_OBJC_ARC = YES;
				CLANG_ENABLE_OBJC_WEAK = YES;
				CLANG_WARN_BLOCK_CAPTURE_AUTORELEASING = YES;
				CLANG_WARN_BOOL_CONVERSION = YES;
				CLANG_WARN_COMMA = YES;
				CLANG_WARN_CONSTANT_CONVERSION = YES;
				CLANG_WARN_DEPRECATED_OBJC_IMPLEMENTATIONS = YES;
				CLANG_WARN_DIRECT_OBJC_ISA_USAGE = YES_ERROR;
				CLANG_WARN_DOCUMENTATION_COMMENTS = YES;
				CLANG_WARN_EMPTY_BODY = YES;
				CLANG_WARN_ENUM_CONVERSION = YES;
				CLANG_WARN_INFINITE_RECURSION = YES;
				CLANG_WARN_INT_CONVERSION = YES;
				CLANG_WARN_NON_LITERAL_NULL_CONVERSION = YES;
				CLANG_WARN_OBJC_IMPLICIT_RETAIN_SELF = YES;
				CLANG_WARN_OBJC_LITERAL_CONVERSION = YES;
				CLANG_WARN_OBJC_ROOT_CLASS = YES_ERROR;
				CLANG_WARN_QUOTED_INCLUDE_IN_FRAMEWORK_HEADER = YES;
				CLANG_WARN_RANGE_LOOP_ANALYSIS = YES;
				CLANG_WARN_STRICT_PROTOTYPES = YES;
				CLANG_WARN_SUSPICIOUS_MOVE = YES;
				CLANG_WARN_UNGUARDED_AVAILABILITY = YES_AGGRESSIVE;
				CLANG_WARN_UNREACHABLE_CODE = YES;
				CLANG_WARN__DUPLICATE_METHOD_MATCH = YES;
				COPY_PHASE_STRIP = NO;
				DEBUG_INFORMATION_FORMAT = "dwarf-with-dsym";
				ENABLE_NS_ASSERTIONS = NO;
				ENABLE_STRICT_OBJC_MSGSEND = YES;
				ENABLE_USER_SCRIPT_SANDBOXING = YES;
				GCC_C_LANGUAGE_STANDARD = gnu17;
				GCC_NO_COMMON_BLOCKS = YES;
				GCC_WARN_64_TO_32_BIT_CONVERSION = YES;
				GCC_WARN_ABOUT_RETURN_TYPE = YES_ERROR;
				GCC_WARN_UNDECLARED_SELECTOR = YES;
				GCC_WARN_UNINITIALIZED_AUTOS = YES_AGGRESSIVE;
				GCC_WARN_UNUSED_FUNCTION = YES;
				GCC_WARN_UNUSED_VARIABLE = YES;
				IPHONEOS_DEPLOYMENT_TARGET = 18.0;
				LOCALIZATION_PREFERS_STRING_CATALOGS = YES;
				MTL_ENABLE_DEBUG_INFO = NO;
				MTL_FAST_MATH = YES;
				SDKROOT = iphoneos;
				SWIFT_COMPILATION_MODE = wholemodule;
				VALIDATE_PRODUCT = YES;
			};
			name = Release;
		};
		F14031412CDFF6D5003CCAF2 /* Debug */ = {
			isa = XCBuildConfiguration;
			buildSettings = {
				ASSETCATALOG_COMPILER_APPICON_NAME = AppIcon;
				ASSETCATALOG_COMPILER_GLOBAL_ACCENT_COLOR_NAME = AccentColor;
				CODE_SIGN_STYLE = Automatic;
				CURRENT_PROJECT_VERSION = 1;
				DEVELOPMENT_ASSET_PATHS = "\"SizeClass-ViewModifier/Preview Content\"";
				DEVELOPMENT_TEAM = 2MMYA5YBHW;
				ENABLE_PREVIEWS = YES;
				GENERATE_INFOPLIST_FILE = YES;
				INFOPLIST_KEY_UIApplicationSceneManifest_Generation = YES;
				INFOPLIST_KEY_UIApplicationSupportsIndirectInputEvents = YES;
				INFOPLIST_KEY_UILaunchScreen_Generation = YES;
				INFOPLIST_KEY_UISupportedInterfaceOrientations = "UIInterfaceOrientationLandscapeLeft UIInterfaceOrientationLandscapeRight UIInterfaceOrientationPortrait UIInterfaceOrientationPortraitUpsideDown";
				IPHONEOS_DEPLOYMENT_TARGET = 17.5;
				LD_RUNPATH_SEARCH_PATHS = (
					"$(inherited)",
					"@executable_path/Frameworks",
				);
				MARKETING_VERSION = 1.0;
				PRODUCT_BUNDLE_IDENTIFIER = "TJP.SizeClass-ViewModifier";
				PRODUCT_NAME = "$(TARGET_NAME)";
				SWIFT_EMIT_LOC_STRINGS = YES;
				SWIFT_VERSION = 5.0;
				TARGETED_DEVICE_FAMILY = "1,2";
			};
			name = Debug;
		};
		F14031422CDFF6D5003CCAF2 /* Release */ = {
			isa = XCBuildConfiguration;
			buildSettings = {
				ASSETCATALOG_COMPILER_APPICON_NAME = AppIcon;
				ASSETCATALOG_COMPILER_GLOBAL_ACCENT_COLOR_NAME = AccentColor;
				CODE_SIGN_STYLE = Automatic;
				CURRENT_PROJECT_VERSION = 1;
				DEVELOPMENT_ASSET_PATHS = "\"SizeClass-ViewModifier/Preview Content\"";
				DEVELOPMENT_TEAM = 2MMYA5YBHW;
				ENABLE_PREVIEWS = YES;
				GENERATE_INFOPLIST_FILE = YES;
				INFOPLIST_KEY_UIApplicationSceneManifest_Generation = YES;
				INFOPLIST_KEY_UIApplicationSupportsIndirectInputEvents = YES;
				INFOPLIST_KEY_UILaunchScreen_Generation = YES;
				INFOPLIST_KEY_UISupportedInterfaceOrientations = "UIInterfaceOrientationLandscapeLeft UIInterfaceOrientationLandscapeRight UIInterfaceOrientationPortrait UIInterfaceOrientationPortraitUpsideDown";
				IPHONEOS_DEPLOYMENT_TARGET = 17.5;
				LD_RUNPATH_SEARCH_PATHS = (
					"$(inherited)",
					"@executable_path/Frameworks",
				);
				MARKETING_VERSION = 1.0;
				PRODUCT_BUNDLE_IDENTIFIER = "TJP.SizeClass-ViewModifier";
				PRODUCT_NAME = "$(TARGET_NAME)";
				SWIFT_EMIT_LOC_STRINGS = YES;
				SWIFT_VERSION = 5.0;
				TARGETED_DEVICE_FAMILY = "1,2";
			};
			name = Release;
		};
		F14031442CDFF6D5003CCAF2 /* Debug */ = {
			isa = XCBuildConfiguration;
			buildSettings = {
				BUNDLE_LOADER = "$(TEST_HOST)";
				CODE_SIGN_STYLE = Automatic;
				CURRENT_PROJECT_VERSION = 1;
				DEVELOPMENT_TEAM = 2MMYA5YBHW;
				GENERATE_INFOPLIST_FILE = YES;
				IPHONEOS_DEPLOYMENT_TARGET = 18.0;
				MARKETING_VERSION = 1.0;
				PRODUCT_BUNDLE_IDENTIFIER = "TJP.SizeClass-ViewModifierTests";
				PRODUCT_NAME = "$(TARGET_NAME)";
				SWIFT_EMIT_LOC_STRINGS = NO;
				SWIFT_VERSION = 5.0;
				TARGETED_DEVICE_FAMILY = "1,2";
				TEST_HOST = "$(BUILT_PRODUCTS_DIR)/SizeClass-ViewModifier.app/$(BUNDLE_EXECUTABLE_FOLDER_PATH)/SizeClass-ViewModifier";
			};
			name = Debug;
		};
		F14031452CDFF6D5003CCAF2 /* Release */ = {
			isa = XCBuildConfiguration;
			buildSettings = {
				BUNDLE_LOADER = "$(TEST_HOST)";
				CODE_SIGN_STYLE = Automatic;
				CURRENT_PROJECT_VERSION = 1;
				DEVELOPMENT_TEAM = 2MMYA5YBHW;
				GENERATE_INFOPLIST_FILE = YES;
				IPHONEOS_DEPLOYMENT_TARGET = 18.0;
				MARKETING_VERSION = 1.0;
				PRODUCT_BUNDLE_IDENTIFIER = "TJP.SizeClass-ViewModifierTests";
				PRODUCT_NAME = "$(TARGET_NAME)";
				SWIFT_EMIT_LOC_STRINGS = NO;
				SWIFT_VERSION = 5.0;
				TARGETED_DEVICE_FAMILY = "1,2";
				TEST_HOST = "$(BUILT_PRODUCTS_DIR)/SizeClass-ViewModifier.app/$(BUNDLE_EXECUTABLE_FOLDER_PATH)/SizeClass-ViewModifier";
			};
			name = Release;
		};
		F14031472CDFF6D5003CCAF2 /* Debug */ = {
			isa = XCBuildConfiguration;
			buildSettings = {
				CODE_SIGN_STYLE = Automatic;
				CURRENT_PROJECT_VERSION = 1;
				DEVELOPMENT_TEAM = 2MMYA5YBHW;
				GENERATE_INFOPLIST_FILE = YES;
				MARKETING_VERSION = 1.0;
				PRODUCT_BUNDLE_IDENTIFIER = "TJP.SizeClass-ViewModifierUITests";
				PRODUCT_NAME = "$(TARGET_NAME)";
				SWIFT_EMIT_LOC_STRINGS = NO;
				SWIFT_VERSION = 5.0;
				TARGETED_DEVICE_FAMILY = "1,2";
				TEST_TARGET_NAME = "SizeClass-ViewModifier";
			};
			name = Debug;
		};
		F14031482CDFF6D5003CCAF2 /* Release */ = {
			isa = XCBuildConfiguration;
			buildSettings = {
				CODE_SIGN_STYLE = Automatic;
				CURRENT_PROJECT_VERSION = 1;
				DEVELOPMENT_TEAM = 2MMYA5YBHW;
				GENERATE_INFOPLIST_FILE = YES;
				MARKETING_VERSION = 1.0;
				PRODUCT_BUNDLE_IDENTIFIER = "TJP.SizeClass-ViewModifierUITests";
				PRODUCT_NAME = "$(TARGET_NAME)";
				SWIFT_EMIT_LOC_STRINGS = NO;
				SWIFT_VERSION = 5.0;
				TARGETED_DEVICE_FAMILY = "1,2";
				TEST_TARGET_NAME = "SizeClass-ViewModifier";
			};
			name = Release;
		};
/* End XCBuildConfiguration section */

/* Begin XCConfigurationList section */
		F14031172CDFF6D1003CCAF2 /* Build configuration list for PBXProject "SizeClass-ViewModifier" */ = {
			isa = XCConfigurationList;
			buildConfigurations = (
				F140313E2CDFF6D5003CCAF2 /* Debug */,
				F140313F2CDFF6D5003CCAF2 /* Release */,
			);
			defaultConfigurationIsVisible = 0;
			defaultConfigurationName = Release;
		};
		F14031402CDFF6D5003CCAF2 /* Build configuration list for PBXNativeTarget "SizeClass-ViewModifier" */ = {
			isa = XCConfigurationList;
			buildConfigurations = (
				F14031412CDFF6D5003CCAF2 /* Debug */,
				F14031422CDFF6D5003CCAF2 /* Release */,
			);
			defaultConfigurationIsVisible = 0;
			defaultConfigurationName = Release;
		};
		F14031432CDFF6D5003CCAF2 /* Build configuration list for PBXNativeTarget "SizeClass-ViewModifierTests" */ = {
			isa = XCConfigurationList;
			buildConfigurations = (
				F14031442CDFF6D5003CCAF2 /* Debug */,
				F14031452CDFF6D5003CCAF2 /* Release */,
			);
			defaultConfigurationIsVisible = 0;
			defaultConfigurationName = Release;
		};
		F14031462CDFF6D5003CCAF2 /* Build configuration list for PBXNativeTarget "SizeClass-ViewModifierUITests" */ = {
			isa = XCConfigurationList;
			buildConfigurations = (
				F14031472CDFF6D5003CCAF2 /* Debug */,
				F14031482CDFF6D5003CCAF2 /* Release */,
			);
			defaultConfigurationIsVisible = 0;
			defaultConfigurationName = Release;
		};
/* End XCConfigurationList section */
	};
	rootObject = F14031142CDFF6D1003CCAF2 /* Project object */;
}
